Microsoft Visual Studio Solution File, Format Version 12.00
# Visual Studio 2012
Project("{8BC9CEB8-8B4A-11D0-8D11-00A0C91BC942}") = "SerialTest", "SerialTest.vcxproj", "{8978D930-DEF4-4978-ADA3-01E85CE56E81}"
EndProject
Global
	GlobalSection(SolutionConfigurationPlatforms) = preSolution
		Debug|Win32 = Debug|Win32
		Release|Win32 = Release|Win32
	EndGlobalSection
	GlobalSection(ProjectConfigurationPlatforms) = postSolution
		{8978D930-DEF4-4978-ADA3-01E85CE56E81}.Debug|Win32.ActiveCfg = Debug|Win32
		{8978D930-DEF4-4978-ADA3-01E85CE56E81}.Debug|Win32.Build.0 = Debug|Win32
		{8978D930-DEF4-4978-ADA3-01E85CE56E81}.Release|Win32.ActiveCfg = Release|Win32
		{8978D930-DEF4-4978-ADA3-01E85CE56E81}.Release|Win32.Build.0 = Release|Win32
	EndGlobalSection
	GlobalSection(SolutionProperties) = preSolution
		HideSolutionNode = FALSE
	EndGlobalSection
EndGlobal
